dependencies:
- name: grafana
  repository: https://grafana.github.io/helm-charts
  version: 6.56.5
- name: prometheus
  repository: https://prometheus-community.github.io/helm-charts
  version: 22.6.1
digest: sha256:619891ea58ad8b361faa22eaf50d7cbd3fda4c4fe865268ce6bba905ac34649c
generated: "2023-05-19T01:11:07.831356+02:00"
