dependencies:
- name: grafana
  repository: https://grafana.github.io/helm-charts
  version: 6.26.7
- name: prometheus
  repository: https://prometheus-community.github.io/helm-charts
  version: 15.1.3
digest: sha256:68017390a400c011d3461084cc60391d209d22f59d04889d34df9a2e83d58b8a
generated: "2022-05-04T14:18:15.951317589+02:00"
